
Microsoft Visual Studio Solution File, Format Version 12.00
# Visual Studio Version 17
VisualStudioVersion = 17.6.33829.357
MinimumVisualStudioVersion = 10.0.40219.1
Project("{8BC9CEB8-8B4A-11D0-8D11-00A0C91BC942}") = "ShadowChain", "ShadowChain\ShadowChain.vcxproj", "{ED51A0B3-3A58-48D6-9888-1CFE76399946}"
EndProject
Project("{8BC9CEB8-8B4A-11D0-8D11-00A0C91BC942}") = "Fractionated Breaker", "Fractionated Breaker\Fractionated Breaker.vcxproj", "{A70439D2-319A-49A7-83A3-12F9752B0BD8}"
EndProject
Project("{8BC9CEB8-8B4A-11D0-8D11-00A0C91BC942}") = "Fractionated_cavity_builder", "Fractionated cavity builder\Fractionated cavity builder.vcxproj", "{15290C5D-2E50-4BA5-8C37-A84D9D0F2A5B}"
EndProject
Project("{8BC9CEB8-8B4A-11D0-8D11-00A0C91BC942}") = "Fractionated_cavity_Infector", "Fractionated cavity Infector\Fractionated cavity Infector.vcxproj", "{5F5B3F27-72CF-4971-A9B6-066112A84F67}"
EndProject
Project("{8BC9CEB8-8B4A-11D0-8D11-00A0C91BC942}") = "payload", "payload\payload.vcxproj", "{E9F11D2A-6625-42F9-8031-CEB870B6FBB9}"
EndProject
Global
	GlobalSection(SolutionConfigurationPlatforms) = preSolution
		Debug|x64 = Debug|x64
		Debug|x86 = Debug|x86
		Release|x64 = Release|x64
		Release|x86 = Release|x86
	EndGlobalSection
	GlobalSection(ProjectConfigurationPlatforms) = postSolution
		{ED51A0B3-3A58-48D6-9888-1CFE76399946}.Debug|x64.ActiveCfg = Release|x64
		{ED51A0B3-3A58-48D6-9888-1CFE76399946}.Debug|x64.Build.0 = Release|x64
		{ED51A0B3-3A58-48D6-9888-1CFE76399946}.Debug|x86.ActiveCfg = Debug|Win32
		{ED51A0B3-3A58-48D6-9888-1CFE76399946}.Debug|x86.Build.0 = Debug|Win32
		{ED51A0B3-3A58-48D6-9888-1CFE76399946}.Release|x64.ActiveCfg = Release|x64
		{ED51A0B3-3A58-48D6-9888-1CFE76399946}.Release|x64.Build.0 = Release|x64
		{ED51A0B3-3A58-48D6-9888-1CFE76399946}.Release|x86.ActiveCfg = Release|Win32
		{ED51A0B3-3A58-48D6-9888-1CFE76399946}.Release|x86.Build.0 = Release|Win32
		{A70439D2-319A-49A7-83A3-12F9752B0BD8}.Debug|x64.ActiveCfg = Debug|x64
		{A70439D2-319A-49A7-83A3-12F9752B0BD8}.Debug|x64.Build.0 = Debug|x64
		{A70439D2-319A-49A7-83A3-12F9752B0BD8}.Debug|x86.ActiveCfg = Debug|Win32
		{A70439D2-319A-49A7-83A3-12F9752B0BD8}.Debug|x86.Build.0 = Debug|Win32
		{A70439D2-319A-49A7-83A3-12F9752B0BD8}.Release|x64.ActiveCfg = Release|x64
		{A70439D2-319A-49A7-83A3-12F9752B0BD8}.Release|x64.Build.0 = Release|x64
		{A70439D2-319A-49A7-83A3-12F9752B0BD8}.Release|x86.ActiveCfg = Release|Win32
		{A70439D2-319A-49A7-83A3-12F9752B0BD8}.Release|x86.Build.0 = Release|Win32
		{15290C5D-2E50-4BA5-8C37-A84D9D0F2A5B}.Debug|x64.ActiveCfg = Release|x64
		{15290C5D-2E50-4BA5-8C37-A84D9D0F2A5B}.Debug|x64.Build.0 = Release|x64
		{15290C5D-2E50-4BA5-8C37-A84D9D0F2A5B}.Debug|x86.ActiveCfg = Debug|Win32
		{15290C5D-2E50-4BA5-8C37-A84D9D0F2A5B}.Debug|x86.Build.0 = Debug|Win32
		{15290C5D-2E50-4BA5-8C37-A84D9D0F2A5B}.Release|x64.ActiveCfg = Release|x64
		{15290C5D-2E50-4BA5-8C37-A84D9D0F2A5B}.Release|x64.Build.0 = Release|x64
		{15290C5D-2E50-4BA5-8C37-A84D9D0F2A5B}.Release|x86.ActiveCfg = Release|Win32
		{15290C5D-2E50-4BA5-8C37-A84D9D0F2A5B}.Release|x86.Build.0 = Release|Win32
		{5F5B3F27-72CF-4971-A9B6-066112A84F67}.Debug|x64.ActiveCfg = Release|x64
		{5F5B3F27-72CF-4971-A9B6-066112A84F67}.Debug|x64.Build.0 = Release|x64
		{5F5B3F27-72CF-4971-A9B6-066112A84F67}.Debug|x86.ActiveCfg = Debug|Win32
		{5F5B3F27-72CF-4971-A9B6-066112A84F67}.Debug|x86.Build.0 = Debug|Win32
		{5F5B3F27-72CF-4971-A9B6-066112A84F67}.Release|x64.ActiveCfg = Release|x64
		{5F5B3F27-72CF-4971-A9B6-066112A84F67}.Release|x64.Build.0 = Release|x64
		{5F5B3F27-72CF-4971-A9B6-066112A84F67}.Release|x86.ActiveCfg = Release|Win32
		{5F5B3F27-72CF-4971-A9B6-066112A84F67}.Release|x86.Build.0 = Release|Win32
		{E9F11D2A-6625-42F9-8031-CEB870B6FBB9}.Debug|x64.ActiveCfg = Debug|x64
		{E9F11D2A-6625-42F9-8031-CEB870B6FBB9}.Debug|x64.Build.0 = Debug|x64
		{E9F11D2A-6625-42F9-8031-CEB870B6FBB9}.Debug|x86.ActiveCfg = Debug|Win32
		{E9F11D2A-6625-42F9-8031-CEB870B6FBB9}.Debug|x86.Build.0 = Debug|Win32
		{E9F11D2A-6625-42F9-8031-CEB870B6FBB9}.Release|x64.ActiveCfg = Release|x64
		{E9F11D2A-6625-42F9-8031-CEB870B6FBB9}.Release|x64.Build.0 = Release|x64
		{E9F11D2A-6625-42F9-8031-CEB870B6FBB9}.Release|x86.ActiveCfg = Release|Win32
		{E9F11D2A-6625-42F9-8031-CEB870B6FBB9}.Release|x86.Build.0 = Release|Win32
	EndGlobalSection
	GlobalSection(SolutionProperties) = preSolution
		HideSolutionNode = FALSE
	EndGlobalSection
	GlobalSection(ExtensibilityGlobals) = postSolution
		SolutionGuid = {51F54E3C-540B-4EF2-8D94-C2BA6CAF3922}
	EndGlobalSection
EndGlobal
